
Microsoft Visual Studio Solution File, Format Version 12.00
# Visual Studio Version 17
VisualStudioVersion = 17.5.33318.248
MinimumVisualStudioVersion = 10.0.40219.1
Project("{8BC9CEB8-8B4A-11D0-8D11-00A0C91BC942}") = "STACK MACHINE", "STACK MACHINE\STACK MACHINE.vcxproj", "{4EA3A8EA-DB11-497D-B91C-03BAC5011CD8}"
EndProject
Global
	GlobalSection(SolutionConfigurationPlatforms) = preSolution
		Debug|x64 = Debug|x64
		Debug|x86 = Debug|x86
		Release|x64 = Release|x64
		Release|x86 = Release|x86
	EndGlobalSection
	GlobalSection(ProjectConfigurationPlatforms) = postSolution
		{4EA3A8EA-DB11-497D-B91C-03BAC5011CD8}.Debug|x64.ActiveCfg = Debug|x64
		{4EA3A8EA-DB11-497D-B91C-03BAC5011CD8}.Debug|x64.Build.0 = Debug|x64
		{4EA3A8EA-DB11-497D-B91C-03BAC5011CD8}.Debug|x86.ActiveCfg = Debug|Win32
		{4EA3A8EA-DB11-497D-B91C-03BAC5011CD8}.Debug|x86.Build.0 = Debug|Win32
		{4EA3A8EA-DB11-497D-B91C-03BAC5011CD8}.Release|x64.ActiveCfg = Release|x64
		{4EA3A8EA-DB11-497D-B91C-03BAC5011CD8}.Release|x64.Build.0 = Release|x64
		{4EA3A8EA-DB11-497D-B91C-03BAC5011CD8}.Release|x86.ActiveCfg = Release|Win32
		{4EA3A8EA-DB11-497D-B91C-03BAC5011CD8}.Release|x86.Build.0 = Release|Win32
	EndGlobalSection
	GlobalSection(SolutionProperties) = preSolution
		HideSolutionNode = FALSE
	EndGlobalSection
	GlobalSection(ExtensibilityGlobals) = postSolution
		SolutionGuid = {32479D6F-54B5-401B-8E57-D7E8645DF836}
	EndGlobalSection
EndGlobal
